
Microsoft Visual Studio Solution File, Format Version 12.00
# Visual Studio Version 17
VisualStudioVersion = 17.14.36414.22 d17.14
MinimumVisualStudioVersion = 10.0.40219.1
Project("{FAE04EC0-301F-11D3-BF4B-00C04F79EFBC}") = "DAILYFITNESS", "DAILYFITNESS.csproj", "{3835820D-FE49-4F55-B9E1-2741776EE4DB}"
EndProject
Global
	GlobalSection(SolutionConfigurationPlatforms) = preSolution
		Debug|Any CPU = Debug|Any CPU
		Release|Any CPU = Release|Any CPU
	EndGlobalSection
	GlobalSection(ProjectConfigurationPlatforms) = postSolution
		{3835820D-FE49-4F55-B9E1-2741776EE4DB}.Debug|Any CPU.ActiveCfg = Debug|Any CPU
		{3835820D-FE49-4F55-B9E1-2741776EE4DB}.Debug|Any CPU.Build.0 = Debug|Any CPU
		{3835820D-FE49-4F55-B9E1-2741776EE4DB}.Release|Any CPU.ActiveCfg = Release|Any CPU
		{3835820D-FE49-4F55-B9E1-2741776EE4DB}.Release|Any CPU.Build.0 = Release|Any CPU
	EndGlobalSection
	GlobalSection(SolutionProperties) = preSolution
		HideSolutionNode = FALSE
	EndGlobalSection
	GlobalSection(ExtensibilityGlobals) = postSolution
		SolutionGuid = {A4A10875-7717-40F6-B431-A084F83EC0DC}
	EndGlobalSection
EndGlobal
